
Microsoft Visual Studio Solution File, Format Version 12.00
# Visual Studio Version 16
VisualStudioVersion = 16.0.30114.105
MinimumVisualStudioVersion = 10.0.40219.1
Project("{2150E333-8FDC-42A3-9474-1A3956D46DE8}") = "src", "src", "{5EAA9E2C-6F66-4EF5-86B0-4F093AC70CEB}"
EndProject
Project("{FAE04EC0-301F-11D3-BF4B-00C04F79EFBC}") = "UrlShortener.Frontend", "src\UrlShortener.Frontend\UrlShortener.Frontend.csproj", "{EECC71C2-20AF-422E-B66E-C2C4755EBDA2}"
EndProject
Global
	GlobalSection(SolutionConfigurationPlatforms) = preSolution
		Debug|Any CPU = Debug|Any CPU
		Release|Any CPU = Release|Any CPU
	EndGlobalSection
	GlobalSection(SolutionProperties) = preSolution
		HideSolutionNode = FALSE
	EndGlobalSection
	GlobalSection(ProjectConfigurationPlatforms) = postSolution
		{EECC71C2-20AF-422E-B66E-C2C4755EBDA2}.Debug|Any CPU.ActiveCfg = Debug|Any CPU
		{EECC71C2-20AF-422E-B66E-C2C4755EBDA2}.Debug|Any CPU.Build.0 = Debug|Any CPU
		{EECC71C2-20AF-422E-B66E-C2C4755EBDA2}.Release|Any CPU.ActiveCfg = Release|Any CPU
		{EECC71C2-20AF-422E-B66E-C2C4755EBDA2}.Release|Any CPU.Build.0 = Release|Any CPU
	EndGlobalSection
	GlobalSection(NestedProjects) = preSolution
		{EECC71C2-20AF-422E-B66E-C2C4755EBDA2} = {5EAA9E2C-6F66-4EF5-86B0-4F093AC70CEB}
	EndGlobalSection
EndGlobal
