
Microsoft Visual Studio Solution File, Format Version 12.00
# Visual Studio Version 16
VisualStudioVersion = 16.0.30114.105
MinimumVisualStudioVersion = 10.0.40219.1
Project("{2150E333-8FDC-42A3-9474-1A3956D46DE8}") = "src", "src", "{5EAA9E2C-6F66-4EF5-86B0-4F093AC70CEB}"
EndProject
Project("{FAE04EC0-301F-11D3-BF4B-00C04F79EFBC}") = "UrlShortener.Frontend", "src\UrlShortener.Frontend\UrlShortener.Frontend.csproj", "{EECC71C2-20AF-422E-B66E-C2C4755EBDA2}"
EndProject
Project("{FAE04EC0-301F-11D3-BF4B-00C04F79EFBC}") = "UrlShortener.Backend.Interfaces", "src\UrlShortener.Backend.Interfaces\UrlShortener.Backend.Interfaces.csproj", "{F434F0B4-6FBA-4B88-B497-4D5A75EE0A6A}"
EndProject
Project("{FAE04EC0-301F-11D3-BF4B-00C04F79EFBC}") = "UrlShortener.Backend.Grains", "src\UrlShortener.Backend.Grains\UrlShortener.Backend.Grains.csproj", "{4F4EA268-B450-415E-BFFD-59769DAD4746}"
EndProject
Project("{2150E333-8FDC-42A3-9474-1A3956D46DE8}") = "test", "test", "{6CB71C1D-32E1-4418-AD01-C194DC2BE392}"
EndProject
Project("{FAE04EC0-301F-11D3-BF4B-00C04F79EFBC}") = "UrlShortener.Backend.Grains.Test", "test\UrlShortener.Backend.Grains.Test\UrlShortener.Backend.Grains.Test.csproj", "{D1C792B7-DB76-4E54-9548-53961D622C7B}"
EndProject
Project("{FAE04EC0-301F-11D3-BF4B-00C04F79EFBC}") = "UrlShortener.Infra.Silo", "src\UrlShortener.Infra.Silo\UrlShortener.Infra.Silo.csproj", "{390C4A1B-7722-4031-8FE7-B52E6B6ADED7}"
EndProject
Global
	GlobalSection(SolutionConfigurationPlatforms) = preSolution
		Debug|Any CPU = Debug|Any CPU
		Release|Any CPU = Release|Any CPU
	EndGlobalSection
	GlobalSection(SolutionProperties) = preSolution
		HideSolutionNode = FALSE
	EndGlobalSection
	GlobalSection(ProjectConfigurationPlatforms) = postSolution
		{EECC71C2-20AF-422E-B66E-C2C4755EBDA2}.Debug|Any CPU.ActiveCfg = Debug|Any CPU
		{EECC71C2-20AF-422E-B66E-C2C4755EBDA2}.Debug|Any CPU.Build.0 = Debug|Any CPU
		{EECC71C2-20AF-422E-B66E-C2C4755EBDA2}.Release|Any CPU.ActiveCfg = Release|Any CPU
		{EECC71C2-20AF-422E-B66E-C2C4755EBDA2}.Release|Any CPU.Build.0 = Release|Any CPU
		{F434F0B4-6FBA-4B88-B497-4D5A75EE0A6A}.Debug|Any CPU.ActiveCfg = Debug|Any CPU
		{F434F0B4-6FBA-4B88-B497-4D5A75EE0A6A}.Debug|Any CPU.Build.0 = Debug|Any CPU
		{F434F0B4-6FBA-4B88-B497-4D5A75EE0A6A}.Release|Any CPU.ActiveCfg = Release|Any CPU
		{F434F0B4-6FBA-4B88-B497-4D5A75EE0A6A}.Release|Any CPU.Build.0 = Release|Any CPU
		{4F4EA268-B450-415E-BFFD-59769DAD4746}.Debug|Any CPU.ActiveCfg = Debug|Any CPU
		{4F4EA268-B450-415E-BFFD-59769DAD4746}.Debug|Any CPU.Build.0 = Debug|Any CPU
		{4F4EA268-B450-415E-BFFD-59769DAD4746}.Release|Any CPU.ActiveCfg = Release|Any CPU
		{4F4EA268-B450-415E-BFFD-59769DAD4746}.Release|Any CPU.Build.0 = Release|Any CPU
		{D1C792B7-DB76-4E54-9548-53961D622C7B}.Debug|Any CPU.ActiveCfg = Debug|Any CPU
		{D1C792B7-DB76-4E54-9548-53961D622C7B}.Debug|Any CPU.Build.0 = Debug|Any CPU
		{D1C792B7-DB76-4E54-9548-53961D622C7B}.Release|Any CPU.ActiveCfg = Release|Any CPU
		{D1C792B7-DB76-4E54-9548-53961D622C7B}.Release|Any CPU.Build.0 = Release|Any CPU
		{390C4A1B-7722-4031-8FE7-B52E6B6ADED7}.Debug|Any CPU.ActiveCfg = Debug|Any CPU
		{390C4A1B-7722-4031-8FE7-B52E6B6ADED7}.Debug|Any CPU.Build.0 = Debug|Any CPU
		{390C4A1B-7722-4031-8FE7-B52E6B6ADED7}.Release|Any CPU.ActiveCfg = Release|Any CPU
		{390C4A1B-7722-4031-8FE7-B52E6B6ADED7}.Release|Any CPU.Build.0 = Release|Any CPU
	EndGlobalSection
	GlobalSection(NestedProjects) = preSolution
		{EECC71C2-20AF-422E-B66E-C2C4755EBDA2} = {5EAA9E2C-6F66-4EF5-86B0-4F093AC70CEB}
		{4F4EA268-B450-415E-BFFD-59769DAD4746} = {5EAA9E2C-6F66-4EF5-86B0-4F093AC70CEB}
		{F434F0B4-6FBA-4B88-B497-4D5A75EE0A6A} = {5EAA9E2C-6F66-4EF5-86B0-4F093AC70CEB}
		{D1C792B7-DB76-4E54-9548-53961D622C7B} = {6CB71C1D-32E1-4418-AD01-C194DC2BE392}
		{390C4A1B-7722-4031-8FE7-B52E6B6ADED7} = {5EAA9E2C-6F66-4EF5-86B0-4F093AC70CEB}
	EndGlobalSection
EndGlobal
